
Microsoft Visual Studio Solution File, Format Version 12.00
# Visual Studio Version 17
VisualStudioVersion = 17.10.35027.167
MinimumVisualStudioVersion = 10.0.40219.1
Project("{9A19103F-16F7-4668-BE54-9A1E7A4F7556}") = "warehouse.service.api", "warehouse.service.api\warehouse.service.api.csproj", "{23D33494-928D-4A40-9A07-B4E3EB223B6B}"
EndProject
Project("{2150E333-8FDC-42A3-9474-1A3956D46DE8}") = "Domain", "Domain", "{7AFAD97E-CCAE-458F-BBAA-3AF30A5820C3}"
EndProject
Project("{9A19103F-16F7-4668-BE54-9A1E7A4F7556}") = "warehouse.service.domain", "warehouse.service.domain\warehouse.service.domain.csproj", "{F7553EBB-7D97-43AE-AA89-5F3AD515B370}"
EndProject
Project("{2150E333-8FDC-42A3-9474-1A3956D46DE8}") = "Business", "Business", "{069B3044-97B4-407F-999F-6468DCB20EF3}"
EndProject
Project("{9A19103F-16F7-4668-BE54-9A1E7A4F7556}") = "warehouse.service.business", "warehouse.service.business\warehouse.service.business.csproj", "{AD8EFAFE-1EDE-41E4-90F2-1F1581DC84FF}"
EndProject
Project("{2150E333-8FDC-42A3-9474-1A3956D46DE8}") = "Infra", "Infra", "{A6BA267C-ED67-49E5-A05D-2B6FEA4F189D}"
EndProject
Project("{FAE04EC0-301F-11D3-BF4B-00C04F79EFBC}") = "warehouse.service.entityframework", "warehouse.service.entityframework\warehouse.service.entityframework.csproj", "{082537F1-678C-4C65-A05B-553CA4C787B7}"
EndProject
Project("{2150E333-8FDC-42A3-9474-1A3956D46DE8}") = "Tests", "Tests", "{76627994-5F31-4C16-AEB0-D47065ACE988}"
EndProject
Project("{FAE04EC0-301F-11D3-BF4B-00C04F79EFBC}") = "warehouse.service.tests", "warehouse.service.tests\warehouse.service.tests.csproj", "{E76ACF2C-87C0-4E45-89F9-823E6493C3F1}"
EndProject
Project("{FAE04EC0-301F-11D3-BF4B-00C04F79EFBC}") = "warehouse.service.tests.shared", "warehouse.service.tests.shared\warehouse.service.tests.shared.csproj", "{D0BA7700-6389-4290-B74D-C560D6D8ECCE}"
EndProject
Global
	GlobalSection(SolutionConfigurationPlatforms) = preSolution
		Debug|Any CPU = Debug|Any CPU
		Release|Any CPU = Release|Any CPU
	EndGlobalSection
	GlobalSection(ProjectConfigurationPlatforms) = postSolution
		{23D33494-928D-4A40-9A07-B4E3EB223B6B}.Debug|Any CPU.ActiveCfg = Debug|Any CPU
		{23D33494-928D-4A40-9A07-B4E3EB223B6B}.Debug|Any CPU.Build.0 = Debug|Any CPU
		{23D33494-928D-4A40-9A07-B4E3EB223B6B}.Release|Any CPU.ActiveCfg = Release|Any CPU
		{23D33494-928D-4A40-9A07-B4E3EB223B6B}.Release|Any CPU.Build.0 = Release|Any CPU
		{F7553EBB-7D97-43AE-AA89-5F3AD515B370}.Debug|Any CPU.ActiveCfg = Debug|Any CPU
		{F7553EBB-7D97-43AE-AA89-5F3AD515B370}.Debug|Any CPU.Build.0 = Debug|Any CPU
		{F7553EBB-7D97-43AE-AA89-5F3AD515B370}.Release|Any CPU.ActiveCfg = Release|Any CPU
		{F7553EBB-7D97-43AE-AA89-5F3AD515B370}.Release|Any CPU.Build.0 = Release|Any CPU
		{AD8EFAFE-1EDE-41E4-90F2-1F1581DC84FF}.Debug|Any CPU.ActiveCfg = Debug|Any CPU
		{AD8EFAFE-1EDE-41E4-90F2-1F1581DC84FF}.Debug|Any CPU.Build.0 = Debug|Any CPU
		{AD8EFAFE-1EDE-41E4-90F2-1F1581DC84FF}.Release|Any CPU.ActiveCfg = Release|Any CPU
		{AD8EFAFE-1EDE-41E4-90F2-1F1581DC84FF}.Release|Any CPU.Build.0 = Release|Any CPU
		{082537F1-678C-4C65-A05B-553CA4C787B7}.Debug|Any CPU.ActiveCfg = Debug|Any CPU
		{082537F1-678C-4C65-A05B-553CA4C787B7}.Debug|Any CPU.Build.0 = Debug|Any CPU
		{082537F1-678C-4C65-A05B-553CA4C787B7}.Release|Any CPU.ActiveCfg = Release|Any CPU
		{082537F1-678C-4C65-A05B-553CA4C787B7}.Release|Any CPU.Build.0 = Release|Any CPU
		{E76ACF2C-87C0-4E45-89F9-823E6493C3F1}.Debug|Any CPU.ActiveCfg = Debug|Any CPU
		{E76ACF2C-87C0-4E45-89F9-823E6493C3F1}.Debug|Any CPU.Build.0 = Debug|Any CPU
		{E76ACF2C-87C0-4E45-89F9-823E6493C3F1}.Release|Any CPU.ActiveCfg = Release|Any CPU
		{E76ACF2C-87C0-4E45-89F9-823E6493C3F1}.Release|Any CPU.Build.0 = Release|Any CPU
		{D0BA7700-6389-4290-B74D-C560D6D8ECCE}.Debug|Any CPU.ActiveCfg = Debug|Any CPU
		{D0BA7700-6389-4290-B74D-C560D6D8ECCE}.Debug|Any CPU.Build.0 = Debug|Any CPU
		{D0BA7700-6389-4290-B74D-C560D6D8ECCE}.Release|Any CPU.ActiveCfg = Release|Any CPU
		{D0BA7700-6389-4290-B74D-C560D6D8ECCE}.Release|Any CPU.Build.0 = Release|Any CPU
	EndGlobalSection
	GlobalSection(SolutionProperties) = preSolution
		HideSolutionNode = FALSE
	EndGlobalSection
	GlobalSection(NestedProjects) = preSolution
		{F7553EBB-7D97-43AE-AA89-5F3AD515B370} = {7AFAD97E-CCAE-458F-BBAA-3AF30A5820C3}
		{AD8EFAFE-1EDE-41E4-90F2-1F1581DC84FF} = {069B3044-97B4-407F-999F-6468DCB20EF3}
		{082537F1-678C-4C65-A05B-553CA4C787B7} = {A6BA267C-ED67-49E5-A05D-2B6FEA4F189D}
		{E76ACF2C-87C0-4E45-89F9-823E6493C3F1} = {76627994-5F31-4C16-AEB0-D47065ACE988}
		{D0BA7700-6389-4290-B74D-C560D6D8ECCE} = {76627994-5F31-4C16-AEB0-D47065ACE988}
	EndGlobalSection
	GlobalSection(ExtensibilityGlobals) = postSolution
		SolutionGuid = {4F67F636-DE57-4EA1-9869-8E9324F086CE}
	EndGlobalSection
EndGlobal
